github.com/reiver/go-oi v1.0.0 h1:nvECWD7LF+vOs8leNGV/ww+F2iZKf3EYjYZ527turzM=
github.com/reiver/go-oi v1.0.0/go.mod h1:RrDBct90BAhoDTxB1fenZwfykqeGvhI6LsNfStJoEkI=
github.com/reiver/go-telnet v0.0.0-20180421082511-9ff0b2ab096e h1:quuzZLi72kkJjl+f5AQ93FMcadG19WkS7MO6TXFOSas=
github.com/reiver/go-telnet v0.0.0-20180421082511-9ff0b2ab096e/go.mod h1:+5vNVvEWwEIx86DB9Ke/+a5wBI464eDRo3eF0LcfpWg=
